// !$*UTF8*$!
{
	archiveVersion = 1;
	classes = {
	};
	objectVersion = 77;
	objects = {

/* Begin PBXBuildFile section */
		B3003BBE2EC881F800030B3F /* AddScoreView.swift in Sources */ = {isa = PBXBuildFile; fileRef = B3003BBD2EC881F800030B3F /* AddScoreView.swift */; };
		B3003BC02EC8BCE400030B3F /* CloseButton.swift in Sources */ = {isa = PBXBuildFile; fileRef = B3003BBF2EC8BCE400030B3F /* CloseButton.swift */; };
		B3003BC22EC8C2FE00030B3F /* InsertButton.swift in Sources */ = {isa = PBXBuildFile; fileRef = B3003BC12EC8C2FE00030B3F /* InsertButton.swift */; };
		B319D7EE2EC71156000FC268 /* ScoreRow.swift in Sources */ = {isa = PBXBuildFile; fileRef = B319D7ED2EC71156000FC268 /* ScoreRow.swift */; };
		B33209012EC5A8CC0032A9F0 /* ScoresVM.swift in Sources */ = {isa = PBXBuildFile; fileRef = B33209002EC5A8C70032A9F0 /* ScoresVM.swift */; };
		B3ACE3022EC5BEFD00DDCDBA /* JSONLoader.swift in Sources */ = {isa = PBXBuildFile; fileRef = B3ACE3012EC5BEFD00DDCDBA /* JSONLoader.swift */; };
		B3DED5D72EC479BC00F6E524 /* ContentView.swift in Sources */ = {isa = PBXBuildFile; fileRef = B3DED5D42EC479BC00F6E524 /* ContentView.swift */; };
		B3DED5D82EC479BC00F6E524 /* ScoresApp.swift in Sources */ = {isa = PBXBuildFile; fileRef = B3DED5D52EC479BC00F6E524 /* ScoresApp.swift */; };
		B3DED5D92EC479BC00F6E524 /* Assets.xcassets in Resources */ = {isa = PBXBuildFile; fileRef = B3DED5D32EC479BC00F6E524 /* Assets.xcassets */; };
		B3DED5DD2EC47A6E00F6E524 /* scoresdata.json in Resources */ = {isa = PBXBuildFile; fileRef = B3DED5DB2EC47A6E00F6E524 /* scoresdata.json */; };
		B3DED5DE2EC47A6E00F6E524 /* scoresdatatest.json in Resources */ = {isa = PBXBuildFile; fileRef = B3DED5DC2EC47A6E00F6E524 /* scoresdatatest.json */; };
		B3DED5E22EC47AED00F6E524 /* Score.swift in Sources */ = {isa = PBXBuildFile; fileRef = B3DED5E12EC47AED00F6E524 /* Score.swift */; };
		B3DED5E42EC4D0B800F6E524 /* Formatters.swift in Sources */ = {isa = PBXBuildFile; fileRef = B3DED5E32EC4D0B800F6E524 /* Formatters.swift */; };
		B3DED5E72EC4DF2100F6E524 /* DataRepository.swift in Sources */ = {isa = PBXBuildFile; fileRef = B3DED5E62EC4DF2100F6E524 /* DataRepository.swift */; };
		B3DED5E92EC5380F00F6E524 /* Repository.swift in Sources */ = {isa = PBXBuildFile; fileRef = B3DED5E82EC5380D00F6E524 /* Repository.swift */; };
/* End PBXBuildFile section */

/* Begin PBXFileReference section */
		B3003BBD2EC881F800030B3F /* AddScoreView.swift */ = {isa = PBXFileReference; lastKnownFileType = sourcecode.swift; path = AddScoreView.swift; sourceTree = "<group>"; };
		B3003BBF2EC8BCE400030B3F /* CloseButton.swift */ = {isa = PBXFileReference; lastKnownFileType = sourcecode.swift; path = CloseButton.swift; sourceTree = "<group>"; };
		B3003BC12EC8C2FE00030B3F /* InsertButton.swift */ = {isa = PBXFileReference; lastKnownFileType = sourcecode.swift; path = InsertButton.swift; sourceTree = "<group>"; };
		B319D7ED2EC71156000FC268 /* ScoreRow.swift */ = {isa = PBXFileReference; lastKnownFileType = sourcecode.swift; path = ScoreRow.swift; sourceTree = "<group>"; };
		B33209002EC5A8C70032A9F0 /* ScoresVM.swift */ = {isa = PBXFileReference; lastKnownFileType = sourcecode.swift; path = ScoresVM.swift; sourceTree = "<group>"; };
		B3ACE3012EC5BEFD00DDCDBA /* JSONLoader.swift */ = {isa = PBXFileReference; lastKnownFileType = sourcecode.swift; path = JSONLoader.swift; sourceTree = "<group>"; };
		B3DED5C52EC4665300F6E524 /* Scores.app */ = {isa = PBXFileReference; explicitFileType = wrapper.application; includeInIndex = 0; path = Scores.app; sourceTree = BUILT_PRODUCTS_DIR; };
		B3DED5D32EC479BC00F6E524 /* Assets.xcassets */ = {isa = PBXFileReference; lastKnownFileType = folder.assetcatalog; path = Assets.xcassets; sourceTree = "<group>"; };
		B3DED5D42EC479BC00F6E524 /* ContentView.swift */ = {isa = PBXFileReference; lastKnownFileType = sourcecode.swift; path = ContentView.swift; sourceTree = "<group>"; };
		B3DED5D52EC479BC00F6E524 /* ScoresApp.swift */ = {isa = PBXFileReference; lastKnownFileType = sourcecode.swift; path = ScoresApp.swift; sourceTree = "<group>"; };
		B3DED5DB2EC47A6E00F6E524 /* scoresdata.json */ = {isa = PBXFileReference; lastKnownFileType = text.json; path = scoresdata.json; sourceTree = "<group>"; };
		B3DED5DC2EC47A6E00F6E524 /* scoresdatatest.json */ = {isa = PBXFileReference; lastKnownFileType = text.json; path = scoresdatatest.json; sourceTree = "<group>"; };
		B3DED5E12EC47AED00F6E524 /* Score.swift */ = {isa = PBXFileReference; lastKnownFileType = sourcecode.swift; path = Score.swift; sourceTree = "<group>"; };
		B3DED5E32EC4D0B800F6E524 /* Formatters.swift */ = {isa = PBXFileReference; lastKnownFileType = sourcecode.swift; path = Formatters.swift; sourceTree = "<group>"; };
		B3DED5E62EC4DF2100F6E524 /* DataRepository.swift */ = {isa = PBXFileReference; lastKnownFileType = sourcecode.swift; path = DataRepository.swift; sourceTree = "<group>"; };
		B3DED5E82EC5380D00F6E524 /* Repository.swift */ = {isa = PBXFileReference; lastKnownFileType = sourcecode.swift; path = Repository.swift; sourceTree = "<group>"; };
/* End PBXFileReference section */

/* Begin PBXFrameworksBuildPhase section */
		B3DED5C22EC4665300F6E524 /* Frameworks */ = {
			isa = PBXFrameworksBuildPhase;
			buildActionMask = 2147483647;
			files = (
			);
			runOnlyForDeploymentPostprocessing = 0;
		};
/* End PBXFrameworksBuildPhase section */

/* Begin PBXGroup section */
		B319D7EC2EC71150000FC268 /* Components */ = {
			isa = PBXGroup;
			children = (
				B3003BC12EC8C2FE00030B3F /* InsertButton.swift */,
				B319D7ED2EC71156000FC268 /* ScoreRow.swift */,
				B3003BBF2EC8BCE400030B3F /* CloseButton.swift */,
			);
			path = Components;
			sourceTree = "<group>";
		};
		B33208FF2EC5A8AA0032A9F0 /* VIewModel */ = {
			isa = PBXGroup;
			children = (
				B33209002EC5A8C70032A9F0 /* ScoresVM.swift */,
			);
			path = VIewModel;
			sourceTree = "<group>";
		};
		B3DED5BC2EC4665300F6E524 = {
			isa = PBXGroup;
			children = (
				B3DED5D62EC479BC00F6E524 /* Scores */,
				B3DED5C62EC4665300F6E524 /* Products */,
			);
			sourceTree = "<group>";
		};
		B3DED5C62EC4665300F6E524 /* Products */ = {
			isa = PBXGroup;
			children = (
				B3DED5C52EC4665300F6E524 /* Scores.app */,
			);
			name = Products;
			sourceTree = "<group>";
		};
		B3DED5D62EC479BC00F6E524 /* Scores */ = {
			isa = PBXGroup;
			children = (
				B3DED5D42EC479BC00F6E524 /* ContentView.swift */,
				B3003BBD2EC881F800030B3F /* AddScoreView.swift */,
				B319D7EC2EC71150000FC268 /* Components */,
				B33208FF2EC5A8AA0032A9F0 /* VIewModel */,
				B3DED5E52EC4DF1400F6E524 /* Repository */,
				B3DED5E02EC47AE200F6E524 /* Models */,
				B3DED5DA2EC47A4900F6E524 /* Resources */,
				B3DED5D32EC479BC00F6E524 /* Assets.xcassets */,
				B3DED5D52EC479BC00F6E524 /* ScoresApp.swift */,
				B3DED5DF2EC47A7B00F6E524 /* Test */,
			);
			path = Scores;
			sourceTree = "<group>";
		};
		B3DED5DA2EC47A4900F6E524 /* Resources */ = {
			isa = PBXGroup;
			children = (
				B3DED5DB2EC47A6E00F6E524 /* scoresdata.json */,
			);
			path = Resources;
			sourceTree = "<group>";
		};
		B3DED5DF2EC47A7B00F6E524 /* Test */ = {
			isa = PBXGroup;
			children = (
				B3DED5DC2EC47A6E00F6E524 /* scoresdatatest.json */,
			);
			path = Test;
			sourceTree = "<group>";
		};
		B3DED5E02EC47AE200F6E524 /* Models */ = {
			isa = PBXGroup;
			children = (
				B3DED5E12EC47AED00F6E524 /* Score.swift */,
				B3DED5E32EC4D0B800F6E524 /* Formatters.swift */,
			);
			path = Models;
			sourceTree = "<group>";
		};
		B3DED5E52EC4DF1400F6E524 /* Repository */ = {
			isa = PBXGroup;
			children = (
				B3ACE3012EC5BEFD00DDCDBA /* JSONLoader.swift */,
				B3DED5E82EC5380D00F6E524 /* Repository.swift */,
				B3DED5E62EC4DF2100F6E524 /* DataRepository.swift */,
			);
			path = Repository;
			sourceTree = "<group>";
		};
/* End PBXGroup section */

/* Begin PBXNativeTarget section */
		B3DED5C42EC4665300F6E524 /* Scores */ = {
			isa = PBXNativeTarget;
			buildConfigurationList = B3DED5D02EC4665400F6E524 /* Build configuration list for PBXNativeTarget "Scores" */;
			buildPhases = (
				B3DED5C12EC4665300F6E524 /* Sources */,
				B3DED5C22EC4665300F6E524 /* Frameworks */,
				B3DED5C32EC4665300F6E524 /* Resources */,
			);
			buildRules = (
			);
			dependencies = (
			);
			name = Scores;
			packageProductDependencies = (
			);
			productName = Scores;
			productReference = B3DED5C52EC4665300F6E524 /* Scores.app */;
			productType = "com.apple.product-type.application";
		};
/* End PBXNativeTarget section */

/* Begin PBXProject section */
		B3DED5BD2EC4665300F6E524 /* Project object */ = {
			isa = PBXProject;
			attributes = {
				BuildIndependentTargetsInParallel = 1;
				LastSwiftUpdateCheck = 2600;
				LastUpgradeCheck = 2600;
				TargetAttributes = {
					B3DED5C42EC4665300F6E524 = {
						CreatedOnToolsVersion = 26.0.1;
					};
				};
			};
			buildConfigurationList = B3DED5C02EC4665300F6E524 /* Build configuration list for PBXProject "Scores" */;
			developmentRegion = en;
			hasScannedForEncodings = 0;
			knownRegions = (
				en,
				Base,
			);
			mainGroup = B3DED5BC2EC4665300F6E524;
			minimizedProjectReferenceProxies = 1;
			preferredProjectObjectVersion = 77;
			productRefGroup = B3DED5C62EC4665300F6E524 /* Products */;
			projectDirPath = "";
			projectRoot = "";
			targets = (
				B3DED5C42EC4665300F6E524 /* Scores */,
			);
		};
/* End PBXProject section */

/* Begin PBXResourcesBuildPhase section */
		B3DED5C32EC4665300F6E524 /* Resources */ = {
			isa = PBXResourcesBuildPhase;
			buildActionMask = 2147483647;
			files = (
				B3DED5DD2EC47A6E00F6E524 /* scoresdata.json in Resources */,
				B3DED5DE2EC47A6E00F6E524 /* scoresdatatest.json in Resources */,
				B3DED5D92EC479BC00F6E524 /* Assets.xcassets in Resources */,
			);
			runOnlyForDeploymentPostprocessing = 0;
		};
/* End PBXResourcesBuildPhase section */

/* Begin PBXSourcesBuildPhase section */
		B3DED5C12EC4665300F6E524 /* Sources */ = {
			isa = PBXSourcesBuildPhase;
			buildActionMask = 2147483647;
			files = (
				B3DED5D72EC479BC00F6E524 /* ContentView.swift in Sources */,
				B3003BC22EC8C2FE00030B3F /* InsertButton.swift in Sources */,
				B3DED5E42EC4D0B800F6E524 /* Formatters.swift in Sources */,
				B33209012EC5A8CC0032A9F0 /* ScoresVM.swift in Sources */,
				B3DED5E72EC4DF2100F6E524 /* DataRepository.swift in Sources */,
				B3003BC02EC8BCE400030B3F /* CloseButton.swift in Sources */,
				B3ACE3022EC5BEFD00DDCDBA /* JSONLoader.swift in Sources */,
				B3003BBE2EC881F800030B3F /* AddScoreView.swift in Sources */,
				B3DED5E22EC47AED00F6E524 /* Score.swift in Sources */,
				B3DED5D82EC479BC00F6E524 /* ScoresApp.swift in Sources */,
				B319D7EE2EC71156000FC268 /* ScoreRow.swift in Sources */,
				B3DED5E92EC5380F00F6E524 /* Repository.swift in Sources */,
			);
			runOnlyForDeploymentPostprocessing = 0;
		};
/* End PBXSourcesBuildPhase section */

/* Begin XCBuildConfiguration section */
		B3DED5CE2EC4665400F6E524 /* Debug */ = {
			isa = XCBuildConfiguration;
			buildSettings = {
				ALWAYS_SEARCH_USER_PATHS = NO;
				ASSETCATALOG_COMPILER_GENERATE_SWIFT_ASSET_SYMBOL_EXTENSIONS = YES;
				CLANG_ANALYZER_NONNULL = YES;
				CLANG_ANALYZER_NUMBER_OBJECT_CONVERSION = YES_AGGRESSIVE;
				CLANG_CXX_LANGUAGE_STANDARD = "gnu++20";
				CLANG_ENABLE_MODULES = YES;
				CLANG_ENABLE_OBJC_ARC = YES;
				CLANG_ENABLE_OBJC_WEAK = YES;
				CLANG_WARN_BLOCK_CAPTURE_AUTORELEASING = YES;
				CLANG_WARN_BOOL_CONVERSION = YES;
				CLANG_WARN_COMMA = YES;
				CLANG_WARN_CONSTANT_CONVERSION = YES;
				CLANG_WARN_DEPRECATED_OBJC_IMPLEMENTATIONS = YES;
				CLANG_WARN_DIRECT_OBJC_ISA_USAGE = YES_ERROR;
				CLANG_WARN_DOCUMENTATION_COMMENTS = YES;
				CLANG_WARN_EMPTY_BODY = YES;
				CLANG_WARN_ENUM_CONVERSION = YES;
				CLANG_WARN_INFINITE_RECURSION = YES;
				CLANG_WARN_INT_CONVERSION = YES;
				CLANG_WARN_NON_LITERAL_NULL_CONVERSION = YES;
				CLANG_WARN_OBJC_IMPLICIT_RETAIN_SELF = YES;
				CLANG_WARN_OBJC_LITERAL_CONVERSION = YES;
				CLANG_WARN_OBJC_ROOT_CLASS = YES_ERROR;
				CLANG_WARN_QUOTED_INCLUDE_IN_FRAMEWORK_HEADER = YES;
				CLANG_WARN_RANGE_LOOP_ANALYSIS = YES;
				CLANG_WARN_STRICT_PROTOTYPES = YES;
				CLANG_WARN_SUSPICIOUS_MOVE = YES;
				CLANG_WARN_UNGUARDED_AVAILABILITY = YES_AGGRESSIVE;
				CLANG_WARN_UNREACHABLE_CODE = YES;
				CLANG_WARN__DUPLICATE_METHOD_MATCH = YES;
				COPY_PHASE_STRIP = NO;
				DEBUG_INFORMATION_FORMAT = dwarf;
				ENABLE_STRICT_OBJC_MSGSEND = YES;
				ENABLE_TESTABILITY = YES;
				ENABLE_USER_SCRIPT_SANDBOXING = YES;
				GCC_C_LANGUAGE_STANDARD = gnu17;
				GCC_DYNAMIC_NO_PIC = NO;
				GCC_NO_COMMON_BLOCKS = YES;
				GCC_OPTIMIZATION_LEVEL = 0;
				GCC_PREPROCESSOR_DEFINITIONS = (
					"DEBUG=1",
					"$(inherited)",
				);
				GCC_WARN_64_TO_32_BIT_CONVERSION = YES;
				GCC_WARN_ABOUT_RETURN_TYPE = YES_ERROR;
				GCC_WARN_UNDECLARED_SELECTOR = YES;
				GCC_WARN_UNINITIALIZED_AUTOS = YES_AGGRESSIVE;
				GCC_WARN_UNUSED_FUNCTION = YES;
				GCC_WARN_UNUSED_VARIABLE = YES;
				IPHONEOS_DEPLOYMENT_TARGET = 26.0;
				LOCALIZATION_PREFERS_STRING_CATALOGS = YES;
				MTL_ENABLE_DEBUG_INFO = INCLUDE_SOURCE;
				MTL_FAST_MATH = YES;
				ONLY_ACTIVE_ARCH = YES;
				SDKROOT = iphoneos;
				SWIFT_ACTIVE_COMPILATION_CONDITIONS = "DEBUG $(inherited)";
				SWIFT_OPTIMIZATION_LEVEL = "-Onone";
			};
			name = Debug;
		};
		B3DED5CF2EC4665400F6E524 /* Release */ = {
			isa = XCBuildConfiguration;
			buildSettings = {
				ALWAYS_SEARCH_USER_PATHS = NO;
				ASSETCATALOG_COMPILER_GENERATE_SWIFT_ASSET_SYMBOL_EXTENSIONS = YES;
				CLANG_ANALYZER_NONNULL = YES;
				CLANG_ANALYZER_NUMBER_OBJECT_CONVERSION = YES_AGGRESSIVE;
				CLANG_CXX_LANGUAGE_STANDARD = "gnu++20";
				CLANG_ENABLE_MODULES = YES;
				CLANG_ENABLE_OBJC_ARC = YES;
				CLANG_ENABLE_OBJC_WEAK = YES;
				CLANG_WARN_BLOCK_CAPTURE_AUTORELEASING = YES;
				CLANG_WARN_BOOL_CONVERSION = YES;
				CLANG_WARN_COMMA = YES;
				CLANG_WARN_CONSTANT_CONVERSION = YES;
				CLANG_WARN_DEPRECATED_OBJC_IMPLEMENTATIONS = YES;
				CLANG_WARN_DIRECT_OBJC_ISA_USAGE = YES_ERROR;
				CLANG_WARN_DOCUMENTATION_COMMENTS = YES;
				CLANG_WARN_EMPTY_BODY = YES;
				CLANG_WARN_ENUM_CONVERSION = YES;
				CLANG_WARN_INFINITE_RECURSION = YES;
				CLANG_WARN_INT_CONVERSION = YES;
				CLANG_WARN_NON_LITERAL_NULL_CONVERSION = YES;
				CLANG_WARN_OBJC_IMPLICIT_RETAIN_SELF = YES;
				CLANG_WARN_OBJC_LITERAL_CONVERSION = YES;
				CLANG_WARN_OBJC_ROOT_CLASS = YES_ERROR;
				CLANG_WARN_QUOTED_INCLUDE_IN_FRAMEWORK_HEADER = YES;
				CLANG_WARN_RANGE_LOOP_ANALYSIS = YES;
				CLANG_WARN_STRICT_PROTOTYPES = YES;
				CLANG_WARN_SUSPICIOUS_MOVE = YES;
				CLANG_WARN_UNGUARDED_AVAILABILITY = YES_AGGRESSIVE;
				CLANG_WARN_UNREACHABLE_CODE = YES;
				CLANG_WARN__DUPLICATE_METHOD_MATCH = YES;
				COPY_PHASE_STRIP = NO;
				DEBUG_INFORMATION_FORMAT = "dwarf-with-dsym";
				ENABLE_NS_ASSERTIONS = NO;
				ENABLE_STRICT_OBJC_MSGSEND = YES;
				ENABLE_USER_SCRIPT_SANDBOXING = YES;
				GCC_C_LANGUAGE_STANDARD = gnu17;
				GCC_NO_COMMON_BLOCKS = YES;
				GCC_WARN_64_TO_32_BIT_CONVERSION = YES;
				GCC_WARN_ABOUT_RETURN_TYPE = YES_ERROR;
				GCC_WARN_UNDECLARED_SELECTOR = YES;
				GCC_WARN_UNINITIALIZED_AUTOS = YES_AGGRESSIVE;
				GCC_WARN_UNUSED_FUNCTION = YES;
				GCC_WARN_UNUSED_VARIABLE = YES;
				IPHONEOS_DEPLOYMENT_TARGET = 26.0;
				LOCALIZATION_PREFERS_STRING_CATALOGS = YES;
				MTL_ENABLE_DEBUG_INFO = NO;
				MTL_FAST_MATH = YES;
				SDKROOT = iphoneos;
				SWIFT_COMPILATION_MODE = wholemodule;
				VALIDATE_PRODUCT = YES;
			};
			name = Release;
		};
		B3DED5D12EC4665400F6E524 /* Debug */ = {
			isa = XCBuildConfiguration;
			buildSettings = {
				ASSETCATALOG_COMPILER_APPICON_NAME = AppIcon;
				ASSETCATALOG_COMPILER_GLOBAL_ACCENT_COLOR_NAME = AccentColor;
				CODE_SIGN_STYLE = Automatic;
				CURRENT_PROJECT_VERSION = 1;
				DEVELOPMENT_ASSET_PATHS = Scores/Test/scoresdatatest.json;
				ENABLE_PREVIEWS = YES;
				GENERATE_INFOPLIST_FILE = YES;
				INFOPLIST_KEY_UIApplicationSceneManifest_Generation = YES;
				INFOPLIST_KEY_UIApplicationSupportsIndirectInputEvents = YES;
				INFOPLIST_KEY_UILaunchScreen_Generation = YES;
				INFOPLIST_KEY_UISupportedInterfaceOrientations_iPad = "UIInterfaceOrientationPortrait UIInterfaceOrientationPortraitUpsideDown UIInterfaceOrientationLandscapeLeft UIInterfaceOrientationLandscapeRight";
				INFOPLIST_KEY_UISupportedInterfaceOrientations_iPhone = "UIInterfaceOrientationPortrait UIInterfaceOrientationLandscapeLeft UIInterfaceOrientationLandscapeRight";
				LD_RUNPATH_SEARCH_PATHS = (
					"$(inherited)",
					"@executable_path/Frameworks",
				);
				MARKETING_VERSION = 1.0;
				PRODUCT_BUNDLE_IDENTIFIER = com.pmespert.Scores;
				PRODUCT_NAME = "$(TARGET_NAME)";
				STRING_CATALOG_GENERATE_SYMBOLS = YES;
				SWIFT_APPROACHABLE_CONCURRENCY = YES;
				SWIFT_DEFAULT_ACTOR_ISOLATION = MainActor;
				SWIFT_EMIT_LOC_STRINGS = YES;
				SWIFT_UPCOMING_FEATURE_MEMBER_IMPORT_VISIBILITY = YES;
				SWIFT_VERSION = 5.0;
				TARGETED_DEVICE_FAMILY = "1,2";
			};
			name = Debug;
		};
		B3DED5D22EC4665400F6E524 /* Release */ = {
			isa = XCBuildConfiguration;
			buildSettings = {
				ASSETCATALOG_COMPILER_APPICON_NAME = AppIcon;
				ASSETCATALOG_COMPILER_GLOBAL_ACCENT_COLOR_NAME = AccentColor;
				CODE_SIGN_STYLE = Automatic;
				CURRENT_PROJECT_VERSION = 1;
				DEVELOPMENT_ASSET_PATHS = Scores/Test/scoresdatatest.json;
				ENABLE_PREVIEWS = YES;
				GENERATE_INFOPLIST_FILE = YES;
				INFOPLIST_KEY_UIApplicationSceneManifest_Generation = YES;
				INFOPLIST_KEY_UIApplicationSupportsIndirectInputEvents = YES;
				INFOPLIST_KEY_UILaunchScreen_Generation = YES;
				INFOPLIST_KEY_UISupportedInterfaceOrientations_iPad = "UIInterfaceOrientationPortrait UIInterfaceOrientationPortraitUpsideDown UIInterfaceOrientationLandscapeLeft UIInterfaceOrientationLandscapeRight";
				INFOPLIST_KEY_UISupportedInterfaceOrientations_iPhone = "UIInterfaceOrientationPortrait UIInterfaceOrientationLandscapeLeft UIInterfaceOrientationLandscapeRight";
				LD_RUNPATH_SEARCH_PATHS = (
					"$(inherited)",
					"@executable_path/Frameworks",
				);
				MARKETING_VERSION = 1.0;
				PRODUCT_BUNDLE_IDENTIFIER = com.pmespert.Scores;
				PRODUCT_NAME = "$(TARGET_NAME)";
				STRING_CATALOG_GENERATE_SYMBOLS = YES;
				SWIFT_APPROACHABLE_CONCURRENCY = YES;
				SWIFT_DEFAULT_ACTOR_ISOLATION = MainActor;
				SWIFT_EMIT_LOC_STRINGS = YES;
				SWIFT_UPCOMING_FEATURE_MEMBER_IMPORT_VISIBILITY = YES;
				SWIFT_VERSION = 5.0;
				TARGETED_DEVICE_FAMILY = "1,2";
			};
			name = Release;
		};
/* End XCBuildConfiguration section */

/* Begin XCConfigurationList section */
		B3DED5C02EC4665300F6E524 /* Build configuration list for PBXProject "Scores" */ = {
			isa = XCConfigurationList;
			buildConfigurations = (
				B3DED5CE2EC4665400F6E524 /* Debug */,
				B3DED5CF2EC4665400F6E524 /* Release */,
			);
			defaultConfigurationIsVisible = 0;
			defaultConfigurationName = Release;
		};
		B3DED5D02EC4665400F6E524 /* Build configuration list for PBXNativeTarget "Scores" */ = {
			isa = XCConfigurationList;
			buildConfigurations = (
				B3DED5D12EC4665400F6E524 /* Debug */,
				B3DED5D22EC4665400F6E524 /* Release */,
			);
			defaultConfigurationIsVisible = 0;
			defaultConfigurationName = Release;
		};
/* End XCConfigurationList section */
	};
	rootObject = B3DED5BD2EC4665300F6E524 /* Project object */;
}
